
Microsoft Visual Studio Solution File, Format Version 12.00
Project("{FAE04EC0-301F-11D3-BF4B-00C04F79EFBC}") = "Workout", "Workout\Workout.csproj", "{ECB78BE9-8B7E-44CF-A873-0E22B12F7344}"
EndProject
Global
	GlobalSection(SolutionConfigurationPlatforms) = preSolution
		Debug|Any CPU = Debug|Any CPU
		Release|Any CPU = Release|Any CPU
	EndGlobalSection
	GlobalSection(ProjectConfigurationPlatforms) = postSolution
		{ECB78BE9-8B7E-44CF-A873-0E22B12F7344}.Debug|Any CPU.ActiveCfg = Debug|Any CPU
		{ECB78BE9-8B7E-44CF-A873-0E22B12F7344}.Debug|Any CPU.Build.0 = Debug|Any CPU
		{ECB78BE9-8B7E-44CF-A873-0E22B12F7344}.Release|Any CPU.ActiveCfg = Release|Any CPU
		{ECB78BE9-8B7E-44CF-A873-0E22B12F7344}.Release|Any CPU.Build.0 = Release|Any CPU
	EndGlobalSection
EndGlobal
